<?xml version="1.0" encoding="utf-8"?>
<Project ToolsVersion="4.0" xmlns="http://schemas.microsoft.com/developer/msbuild/2003">
  <ItemGroup>
    <Filter Include="Source Files">
      <UniqueIdentifier>{4FC737F1-C7A5-4376-A066-2A32D752A2FF}</UniqueIdentifier>
      <Extensions>cpp;c;cc;cxx;def;odl;idl;hpj;bat;asm;asmx</Extensions>
    </Filter>
    <Filter Include="Header Files">
      <UniqueIdentifier>{93995380-89BD-4b04-88EB-625FBE52EBFB}</UniqueIdentifier>
      <Extensions>h;hpp;hxx;hm;inl;inc;xsd</Extensions>
    </Filter>
    <Filter Include="Resource Files">
      <UniqueIdentifier>{67DA6AB6-F800-4c08-8B7A-83BB121AAD01}</UniqueIdentifier>
      <Extensions>rc;ico;cur;bmp;dlg;rc2;rct;bin;rgs;gif;jpg;jpeg;jpe;resx;tiff;tif;png;wav;mfcribbon-ms</Extensions>
    </Filter>
    <Filter Include="Traders">
      <UniqueIdentifier>{1547babc-b7c1-4222-8b62-4c1aba5ae127}</UniqueIdentifier>
    </Filter>
    <Filter Include="OpenCL">
      <UniqueIdentifier>{de6b0430-db52-4a38-847d-7622c388156c}</UniqueIdentifier>
    </Filter>
  </ItemGroup>
  <ItemGroup>
    <None Include="ReadMe.txt" />
    <None Include="Traders.cl">
      <Filter>OpenCL</Filter>
    </None>
  </ItemGroup>
  <ItemGroup>
    <ClInclude Include="stdafx.h">
      <Filter>Header Files</Filter>
    </ClInclude>
    <ClInclude Include="targetver.h">
      <Filter>Header Files</Filter>
    </ClInclude>
    <ClInclude Include="Stock.h">
      <Filter>Header Files</Filter>
    </ClInclude>
    <ClInclude Include="Order.h">
      <Filter>Header Files</Filter>
    </ClInclude>
    <ClInclude Include="Tests.h">
      <Filter>Header Files</Filter>
    </ClInclude>
    <ClInclude Include="OrderBook.h">
      <Filter>Header Files</Filter>
    </ClInclude>
    <ClInclude Include="Trade.h">
      <Filter>Header Files</Filter>
    </ClInclude>
    <ClInclude Include="RuleManager.h">
      <Filter>Header Files</Filter>
    </ClInclude>
    <ClInclude Include="OrderRequest.h">
      <Filter>Header Files</Filter>
    </ClInclude>
    <ClInclude Include="OrderQueue.h">
      <Filter>Header Files</Filter>
    </ClInclude>
    <ClInclude Include="MarketMarketRule.h">
      <Filter>Header Files</Filter>
    </ClInclude>
    <ClInclude Include="Rules.h">
      <Filter>Header Files</Filter>
    </ClInclude>
    <ClInclude Include="IRule.h">
      <Filter>Header Files</Filter>
    </ClInclude>
    <ClInclude Include="LimitLimitRule.h">
      <Filter>Header Files</Filter>
    </ClInclude>
    <ClInclude Include="LimitMarketRule.h">
      <Filter>Header Files</Filter>
    </ClInclude>
    <ClInclude Include="MarketLimitRule.h">
      <Filter>Header Files</Filter>
    </ClInclude>
    <ClInclude Include="TraderManager.h">
      <Filter>Header Files</Filter>
    </ClInclude>
    <ClInclude Include="Trader.h">
      <Filter>Header Files</Filter>
    </ClInclude>
    <ClInclude Include="Logger.h">
      <Filter>Header Files</Filter>
    </ClInclude>
    <ClInclude Include="WallTimer.h">
      <Filter>Header Files</Filter>
    </ClInclude>
    <ClInclude Include="PositionTrader.h">
      <Filter>Traders</Filter>
    </ClInclude>
    <ClInclude Include="MomentumTrader.h">
      <Filter>Traders</Filter>
    </ClInclude>
    <ClInclude Include="RandomTrader.h">
      <Filter>Traders</Filter>
    </ClInclude>
    <ClInclude Include="LargeRandomTrader.h">
      <Filter>Traders</Filter>
    </ClInclude>
    <ClInclude Include="OpenClDevice.h">
      <Filter>Header Files</Filter>
    </ClInclude>
    <ClInclude Include="OpenClController.h">
      <Filter>Header Files</Filter>
    </ClInclude>
    <ClInclude Include="OpenClStructs.h">
      <Filter>Header Files</Filter>
    </ClInclude>
    <ClInclude Include="Utils.h">
      <Filter>Header Files</Filter>
    </ClInclude>
    <ClInclude Include="EnumTraderType.h">
      <Filter>Header Files</Filter>
    </ClInclude>
    <ClInclude Include="TBBlog.h">
      <Filter>Header Files</Filter>
    </ClInclude>
  </ItemGroup>
  <ItemGroup>
    <ClCompile Include="stdafx.cpp">
      <Filter>Source Files</Filter>
    </ClCompile>
    <ClCompile Include="OrderBookSim.cpp">
      <Filter>Source Files</Filter>
    </ClCompile>
    <ClCompile Include="Stock.cpp">
      <Filter>Source Files</Filter>
    </ClCompile>
    <ClCompile Include="Order.cpp">
      <Filter>Source Files</Filter>
    </ClCompile>
    <ClCompile Include="Tests.cpp">
      <Filter>Source Files</Filter>
    </ClCompile>
    <ClCompile Include="OrderBook.cpp">
      <Filter>Source Files</Filter>
    </ClCompile>
    <ClCompile Include="Trade.cpp">
      <Filter>Source Files</Filter>
    </ClCompile>
    <ClCompile Include="RuleManager.cpp">
      <Filter>Source Files</Filter>
    </ClCompile>
    <ClCompile Include="OrderRequest.cpp">
      <Filter>Source Files</Filter>
    </ClCompile>
    <ClCompile Include="MarketMarketRule.cpp">
      <Filter>Source Files</Filter>
    </ClCompile>
    <ClCompile Include="MarketLimitRule.cpp">
      <Filter>Source Files</Filter>
    </ClCompile>
    <ClCompile Include="LimitMarketRule.cpp">
      <Filter>Source Files</Filter>
    </ClCompile>
    <ClCompile Include="LimitLimitRule.cpp">
      <Filter>Source Files</Filter>
    </ClCompile>
    <ClCompile Include="TraderManager.cpp">
      <Filter>Source Files</Filter>
    </ClCompile>
    <ClCompile Include="Trader.cpp">
      <Filter>Source Files</Filter>
    </ClCompile>
    <ClCompile Include="Logger.cpp">
      <Filter>Source Files</Filter>
    </ClCompile>
    <ClCompile Include="WallTimer.cpp">
      <Filter>Source Files</Filter>
    </ClCompile>
    <ClCompile Include="OpenClDevice.cpp">
      <Filter>Source Files</Filter>
    </ClCompile>
    <ClCompile Include="OpenClController.cpp">
      <Filter>Source Files</Filter>
    </ClCompile>
  </ItemGroup>
</Project>